
Microsoft Visual Studio Solution File, Format Version 12.00
# Visual Studio Version 17
VisualStudioVersion = 17.14.36623.8 d17.14
MinimumVisualStudioVersion = 10.0.40219.1
Project("{FAE04EC0-301F-11D3-BF4B-00C04F79EFBC}") = "wfspylib", "wfspylib\wfspylib.csproj", "{F0004DDA-882B-7E2A-CD9F-1556D3456BC5}"
EndProject
Project("{8BC9CEB8-8B4A-11D0-8D11-00A0C91BC942}") = "wfspyhook", "wfspyhook\wfspyhook.vcxproj", "{2FC90894-AD11-4B22-94DF-FC1810124F8B}"
EndProject
Project("{FAE04EC0-301F-11D3-BF4B-00C04F79EFBC}") = "wfspy", "wfspy\wfspy.csproj", "{16F73CF7-E873-9E08-09EF-60AFEF084752}"
EndProject
Project("{2150E333-8FDC-42A3-9474-1A3956D46DE8}") = "TestForms", "TestForms", "{02EA681E-C7D8-13C7-8484-4AC65E1B71E8}"
EndProject
Project("{FAE04EC0-301F-11D3-BF4B-00C04F79EFBC}") = "X64WindowsFormsTestApp", "TestForms\X64WindowsFormsTestApp\X64WindowsFormsTestApp.csproj", "{B93B52C9-4FA4-2A8C-CEDE-66BD1240DC9A}"
EndProject
Global
	GlobalSection(SolutionConfigurationPlatforms) = preSolution
		Debug|x64 = Debug|x64
		Debug|x68 = Debug|x68
		Debug|x86 = Debug|x86
		Release|x64 = Release|x64
		Release|x68 = Release|x68
		Release|x86 = Release|x86
	EndGlobalSection
	GlobalSection(ProjectConfigurationPlatforms) = postSolution
		{F0004DDA-882B-7E2A-CD9F-1556D3456BC5}.Debug|x64.ActiveCfg = Debug|x64
		{F0004DDA-882B-7E2A-CD9F-1556D3456BC5}.Debug|x64.Build.0 = Debug|x64
		{F0004DDA-882B-7E2A-CD9F-1556D3456BC5}.Debug|x68.ActiveCfg = Debug|x68
		{F0004DDA-882B-7E2A-CD9F-1556D3456BC5}.Debug|x68.Build.0 = Debug|x68
		{F0004DDA-882B-7E2A-CD9F-1556D3456BC5}.Debug|x86.ActiveCfg = Debug|x64
		{F0004DDA-882B-7E2A-CD9F-1556D3456BC5}.Debug|x86.Build.0 = Debug|x64
		{F0004DDA-882B-7E2A-CD9F-1556D3456BC5}.Release|x64.ActiveCfg = Release|x64
		{F0004DDA-882B-7E2A-CD9F-1556D3456BC5}.Release|x64.Build.0 = Release|x64
		{F0004DDA-882B-7E2A-CD9F-1556D3456BC5}.Release|x68.ActiveCfg = Release|x68
		{F0004DDA-882B-7E2A-CD9F-1556D3456BC5}.Release|x68.Build.0 = Release|x68
		{F0004DDA-882B-7E2A-CD9F-1556D3456BC5}.Release|x86.ActiveCfg = Release|x64
		{F0004DDA-882B-7E2A-CD9F-1556D3456BC5}.Release|x86.Build.0 = Release|x64
		{2FC90894-AD11-4B22-94DF-FC1810124F8B}.Debug|x64.ActiveCfg = Debug|x64
		{2FC90894-AD11-4B22-94DF-FC1810124F8B}.Debug|x64.Build.0 = Debug|x64
		{2FC90894-AD11-4B22-94DF-FC1810124F8B}.Debug|x68.ActiveCfg = Debug|x64
		{2FC90894-AD11-4B22-94DF-FC1810124F8B}.Debug|x68.Build.0 = Debug|x64
		{2FC90894-AD11-4B22-94DF-FC1810124F8B}.Debug|x86.ActiveCfg = Debug|Win32
		{2FC90894-AD11-4B22-94DF-FC1810124F8B}.Debug|x86.Build.0 = Debug|Win32
		{2FC90894-AD11-4B22-94DF-FC1810124F8B}.Release|x64.ActiveCfg = Release|x64
		{2FC90894-AD11-4B22-94DF-FC1810124F8B}.Release|x64.Build.0 = Release|x64
		{2FC90894-AD11-4B22-94DF-FC1810124F8B}.Release|x68.ActiveCfg = Release|x64
		{2FC90894-AD11-4B22-94DF-FC1810124F8B}.Release|x68.Build.0 = Release|x64
		{2FC90894-AD11-4B22-94DF-FC1810124F8B}.Release|x86.ActiveCfg = Release|Win32
		{2FC90894-AD11-4B22-94DF-FC1810124F8B}.Release|x86.Build.0 = Release|Win32
		{16F73CF7-E873-9E08-09EF-60AFEF084752}.Debug|x64.ActiveCfg = Debug|x64
		{16F73CF7-E873-9E08-09EF-60AFEF084752}.Debug|x64.Build.0 = Debug|x64
		{16F73CF7-E873-9E08-09EF-60AFEF084752}.Debug|x68.ActiveCfg = Debug|x68
		{16F73CF7-E873-9E08-09EF-60AFEF084752}.Debug|x68.Build.0 = Debug|x68
		{16F73CF7-E873-9E08-09EF-60AFEF084752}.Debug|x86.ActiveCfg = Debug|x64
		{16F73CF7-E873-9E08-09EF-60AFEF084752}.Debug|x86.Build.0 = Debug|x64
		{16F73CF7-E873-9E08-09EF-60AFEF084752}.Release|x64.ActiveCfg = Release|x64
		{16F73CF7-E873-9E08-09EF-60AFEF084752}.Release|x64.Build.0 = Release|x64
		{16F73CF7-E873-9E08-09EF-60AFEF084752}.Release|x68.ActiveCfg = Release|x68
		{16F73CF7-E873-9E08-09EF-60AFEF084752}.Release|x68.Build.0 = Release|x68
		{16F73CF7-E873-9E08-09EF-60AFEF084752}.Release|x86.ActiveCfg = Release|x64
		{16F73CF7-E873-9E08-09EF-60AFEF084752}.Release|x86.Build.0 = Release|x64
		{B93B52C9-4FA4-2A8C-CEDE-66BD1240DC9A}.Debug|x64.ActiveCfg = Debug|Any CPU
		{B93B52C9-4FA4-2A8C-CEDE-66BD1240DC9A}.Debug|x64.Build.0 = Debug|Any CPU
		{B93B52C9-4FA4-2A8C-CEDE-66BD1240DC9A}.Debug|x68.ActiveCfg = Debug|Any CPU
		{B93B52C9-4FA4-2A8C-CEDE-66BD1240DC9A}.Debug|x68.Build.0 = Debug|Any CPU
		{B93B52C9-4FA4-2A8C-CEDE-66BD1240DC9A}.Debug|x86.ActiveCfg = Debug|Any CPU
		{B93B52C9-4FA4-2A8C-CEDE-66BD1240DC9A}.Debug|x86.Build.0 = Debug|Any CPU
		{B93B52C9-4FA4-2A8C-CEDE-66BD1240DC9A}.Release|x64.ActiveCfg = Release|Any CPU
		{B93B52C9-4FA4-2A8C-CEDE-66BD1240DC9A}.Release|x64.Build.0 = Release|Any CPU
		{B93B52C9-4FA4-2A8C-CEDE-66BD1240DC9A}.Release|x68.ActiveCfg = Release|Any CPU
		{B93B52C9-4FA4-2A8C-CEDE-66BD1240DC9A}.Release|x68.Build.0 = Release|Any CPU
		{B93B52C9-4FA4-2A8C-CEDE-66BD1240DC9A}.Release|x86.ActiveCfg = Release|Any CPU
		{B93B52C9-4FA4-2A8C-CEDE-66BD1240DC9A}.Release|x86.Build.0 = Release|Any CPU
	EndGlobalSection
	GlobalSection(SolutionProperties) = preSolution
		HideSolutionNode = FALSE
	EndGlobalSection
	GlobalSection(NestedProjects) = preSolution
		{B93B52C9-4FA4-2A8C-CEDE-66BD1240DC9A} = {02EA681E-C7D8-13C7-8484-4AC65E1B71E8}
	EndGlobalSection
	GlobalSection(ExtensibilityGlobals) = postSolution
		SolutionGuid = {52A8F208-AF02-4B22-A33B-1585E5DCBF57}
	EndGlobalSection
EndGlobal
